
Microsoft Visual Studio Solution File, Format Version 12.00
# Visual Studio Version 16
VisualStudioVersion = 16.0.30804.86
MinimumVisualStudioVersion = 10.0.40219.1
Project("{FAE04EC0-301F-11D3-BF4B-00C04F79EFBC}") = "DesignPatterns", "DesignPatterns\DesignPatterns.csproj", "{E4D99C25-9137-4817-A7F6-20D1347FCDE3}"
EndProject
Project("{FAE04EC0-301F-11D3-BF4B-00C04F79EFBC}") = "CommandPatternExample", "CommandPatternExample\CommandPatternExample.csproj", "{1E907C61-728F-4978-8F32-C897FCF7BA41}"
EndProject
Project("{FAE04EC0-301F-11D3-BF4B-00C04F79EFBC}") = "CommandPattern", "CommandPattern\CommandPattern.csproj", "{8B7C2B2F-E841-4D22-8491-0C24A4FD9FB4}"
EndProject
Project("{FAE04EC0-301F-11D3-BF4B-00C04F79EFBC}") = "FactoryPattern", "FactoryPattern\FactoryPattern.csproj", "{B4A332BA-2972-41A9-B710-6F97FC30C338}"
EndProject
Project("{FAE04EC0-301F-11D3-BF4B-00C04F79EFBC}") = "FactoryMethodPattern", "FactoryMethodPattern\FactoryMethodPattern.csproj", "{6CABD472-9BCE-4B55-B0AB-E058468300D8}"
EndProject
Project("{FAE04EC0-301F-11D3-BF4B-00C04F79EFBC}") = "AbstractFactoryPattern", "AbstractFactoryPattern\AbstractFactoryPattern.csproj", "{3BC833D4-4599-4071-87D8-5A1C0CD87DCF}"
EndProject
Project("{FAE04EC0-301F-11D3-BF4B-00C04F79EFBC}") = "SingletonPattern", "SingletonPattern\SingletonPattern.csproj", "{5DF78390-54CE-4DD4-8523-D6F77D852E85}"
EndProject
Project("{FAE04EC0-301F-11D3-BF4B-00C04F79EFBC}") = "MVCPattern", "MVCPattern\MVCPattern.csproj", "{82914EA4-A481-484F-A850-1BEFC83A64D9}"
EndProject
Global
	GlobalSection(SolutionConfigurationPlatforms) = preSolution
		Debug|Any CPU = Debug|Any CPU
		Debug|x64 = Debug|x64
		Debug|x86 = Debug|x86
		Release|Any CPU = Release|Any CPU
		Release|x64 = Release|x64
		Release|x86 = Release|x86
	EndGlobalSection
	GlobalSection(ProjectConfigurationPlatforms) = postSolution
		{E4D99C25-9137-4817-A7F6-20D1347FCDE3}.Debug|Any CPU.ActiveCfg = Debug|Any CPU
		{E4D99C25-9137-4817-A7F6-20D1347FCDE3}.Debug|Any CPU.Build.0 = Debug|Any CPU
		{E4D99C25-9137-4817-A7F6-20D1347FCDE3}.Debug|x64.ActiveCfg = Debug|Any CPU
		{E4D99C25-9137-4817-A7F6-20D1347FCDE3}.Debug|x64.Build.0 = Debug|Any CPU
		{E4D99C25-9137-4817-A7F6-20D1347FCDE3}.Debug|x86.ActiveCfg = Debug|Any CPU
		{E4D99C25-9137-4817-A7F6-20D1347FCDE3}.Debug|x86.Build.0 = Debug|Any CPU
		{E4D99C25-9137-4817-A7F6-20D1347FCDE3}.Release|Any CPU.ActiveCfg = Release|Any CPU
		{E4D99C25-9137-4817-A7F6-20D1347FCDE3}.Release|Any CPU.Build.0 = Release|Any CPU
		{E4D99C25-9137-4817-A7F6-20D1347FCDE3}.Release|x64.ActiveCfg = Release|Any CPU
		{E4D99C25-9137-4817-A7F6-20D1347FCDE3}.Release|x64.Build.0 = Release|Any CPU
		{E4D99C25-9137-4817-A7F6-20D1347FCDE3}.Release|x86.ActiveCfg = Release|Any CPU
		{E4D99C25-9137-4817-A7F6-20D1347FCDE3}.Release|x86.Build.0 = Release|Any CPU
		{1E907C61-728F-4978-8F32-C897FCF7BA41}.Debug|Any CPU.ActiveCfg = Debug|Any CPU
		{1E907C61-728F-4978-8F32-C897FCF7BA41}.Debug|Any CPU.Build.0 = Debug|Any CPU
		{1E907C61-728F-4978-8F32-C897FCF7BA41}.Debug|x64.ActiveCfg = Debug|Any CPU
		{1E907C61-728F-4978-8F32-C897FCF7BA41}.Debug|x64.Build.0 = Debug|Any CPU
		{1E907C61-728F-4978-8F32-C897FCF7BA41}.Debug|x86.ActiveCfg = Debug|Any CPU
		{1E907C61-728F-4978-8F32-C897FCF7BA41}.Debug|x86.Build.0 = Debug|Any CPU
		{1E907C61-728F-4978-8F32-C897FCF7BA41}.Release|Any CPU.ActiveCfg = Release|Any CPU
		{1E907C61-728F-4978-8F32-C897FCF7BA41}.Release|Any CPU.Build.0 = Release|Any CPU
		{1E907C61-728F-4978-8F32-C897FCF7BA41}.Release|x64.ActiveCfg = Release|Any CPU
		{1E907C61-728F-4978-8F32-C897FCF7BA41}.Release|x64.Build.0 = Release|Any CPU
		{1E907C61-728F-4978-8F32-C897FCF7BA41}.Release|x86.ActiveCfg = Release|Any CPU
		{1E907C61-728F-4978-8F32-C897FCF7BA41}.Release|x86.Build.0 = Release|Any CPU
		{8B7C2B2F-E841-4D22-8491-0C24A4FD9FB4}.Debug|Any CPU.ActiveCfg = Debug|Any CPU
		{8B7C2B2F-E841-4D22-8491-0C24A4FD9FB4}.Debug|Any CPU.Build.0 = Debug|Any CPU
		{8B7C2B2F-E841-4D22-8491-0C24A4FD9FB4}.Debug|x64.ActiveCfg = Debug|Any CPU
		{8B7C2B2F-E841-4D22-8491-0C24A4FD9FB4}.Debug|x64.Build.0 = Debug|Any CPU
		{8B7C2B2F-E841-4D22-8491-0C24A4FD9FB4}.Debug|x86.ActiveCfg = Debug|Any CPU
		{8B7C2B2F-E841-4D22-8491-0C24A4FD9FB4}.Debug|x86.Build.0 = Debug|Any CPU
		{8B7C2B2F-E841-4D22-8491-0C24A4FD9FB4}.Release|Any CPU.ActiveCfg = Release|Any CPU
		{8B7C2B2F-E841-4D22-8491-0C24A4FD9FB4}.Release|Any CPU.Build.0 = Release|Any CPU
		{8B7C2B2F-E841-4D22-8491-0C24A4FD9FB4}.Release|x64.ActiveCfg = Release|Any CPU
		{8B7C2B2F-E841-4D22-8491-0C24A4FD9FB4}.Release|x64.Build.0 = Release|Any CPU
		{8B7C2B2F-E841-4D22-8491-0C24A4FD9FB4}.Release|x86.ActiveCfg = Release|Any CPU
		{8B7C2B2F-E841-4D22-8491-0C24A4FD9FB4}.Release|x86.Build.0 = Release|Any CPU
		{B4A332BA-2972-41A9-B710-6F97FC30C338}.Debug|Any CPU.ActiveCfg = Debug|Any CPU
		{B4A332BA-2972-41A9-B710-6F97FC30C338}.Debug|Any CPU.Build.0 = Debug|Any CPU
		{B4A332BA-2972-41A9-B710-6F97FC30C338}.Debug|x64.ActiveCfg = Debug|Any CPU
		{B4A332BA-2972-41A9-B710-6F97FC30C338}.Debug|x64.Build.0 = Debug|Any CPU
		{B4A332BA-2972-41A9-B710-6F97FC30C338}.Debug|x86.ActiveCfg = Debug|Any CPU
		{B4A332BA-2972-41A9-B710-6F97FC30C338}.Debug|x86.Build.0 = Debug|Any CPU
		{B4A332BA-2972-41A9-B710-6F97FC30C338}.Release|Any CPU.ActiveCfg = Release|Any CPU
		{B4A332BA-2972-41A9-B710-6F97FC30C338}.Release|Any CPU.Build.0 = Release|Any CPU
		{B4A332BA-2972-41A9-B710-6F97FC30C338}.Release|x64.ActiveCfg = Release|Any CPU
		{B4A332BA-2972-41A9-B710-6F97FC30C338}.Release|x64.Build.0 = Release|Any CPU
		{B4A332BA-2972-41A9-B710-6F97FC30C338}.Release|x86.ActiveCfg = Release|Any CPU
		{B4A332BA-2972-41A9-B710-6F97FC30C338}.Release|x86.Build.0 = Release|Any CPU
		{6CABD472-9BCE-4B55-B0AB-E058468300D8}.Debug|Any CPU.ActiveCfg = Debug|Any CPU
		{6CABD472-9BCE-4B55-B0AB-E058468300D8}.Debug|Any CPU.Build.0 = Debug|Any CPU
		{6CABD472-9BCE-4B55-B0AB-E058468300D8}.Debug|x64.ActiveCfg = Debug|Any CPU
		{6CABD472-9BCE-4B55-B0AB-E058468300D8}.Debug|x64.Build.0 = Debug|Any CPU
		{6CABD472-9BCE-4B55-B0AB-E058468300D8}.Debug|x86.ActiveCfg = Debug|Any CPU
		{6CABD472-9BCE-4B55-B0AB-E058468300D8}.Debug|x86.Build.0 = Debug|Any CPU
		{6CABD472-9BCE-4B55-B0AB-E058468300D8}.Release|Any CPU.ActiveCfg = Release|Any CPU
		{6CABD472-9BCE-4B55-B0AB-E058468300D8}.Release|Any CPU.Build.0 = Release|Any CPU
		{6CABD472-9BCE-4B55-B0AB-E058468300D8}.Release|x64.ActiveCfg = Release|Any CPU
		{6CABD472-9BCE-4B55-B0AB-E058468300D8}.Release|x64.Build.0 = Release|Any CPU
		{6CABD472-9BCE-4B55-B0AB-E058468300D8}.Release|x86.ActiveCfg = Release|Any CPU
		{6CABD472-9BCE-4B55-B0AB-E058468300D8}.Release|x86.Build.0 = Release|Any CPU
		{3BC833D4-4599-4071-87D8-5A1C0CD87DCF}.Debug|Any CPU.ActiveCfg = Debug|Any CPU
		{3BC833D4-4599-4071-87D8-5A1C0CD87DCF}.Debug|Any CPU.Build.0 = Debug|Any CPU
		{3BC833D4-4599-4071-87D8-5A1C0CD87DCF}.Debug|x64.ActiveCfg = Debug|Any CPU
		{3BC833D4-4599-4071-87D8-5A1C0CD87DCF}.Debug|x64.Build.0 = Debug|Any CPU
		{3BC833D4-4599-4071-87D8-5A1C0CD87DCF}.Debug|x86.ActiveCfg = Debug|Any CPU
		{3BC833D4-4599-4071-87D8-5A1C0CD87DCF}.Debug|x86.Build.0 = Debug|Any CPU
		{3BC833D4-4599-4071-87D8-5A1C0CD87DCF}.Release|Any CPU.ActiveCfg = Release|Any CPU
		{3BC833D4-4599-4071-87D8-5A1C0CD87DCF}.Release|Any CPU.Build.0 = Release|Any CPU
		{3BC833D4-4599-4071-87D8-5A1C0CD87DCF}.Release|x64.ActiveCfg = Release|Any CPU
		{3BC833D4-4599-4071-87D8-5A1C0CD87DCF}.Release|x64.Build.0 = Release|Any CPU
		{3BC833D4-4599-4071-87D8-5A1C0CD87DCF}.Release|x86.ActiveCfg = Release|Any CPU
		{3BC833D4-4599-4071-87D8-5A1C0CD87DCF}.Release|x86.Build.0 = Release|Any CPU
		{5DF78390-54CE-4DD4-8523-D6F77D852E85}.Debug|Any CPU.ActiveCfg = Debug|Any CPU
		{5DF78390-54CE-4DD4-8523-D6F77D852E85}.Debug|Any CPU.Build.0 = Debug|Any CPU
		{5DF78390-54CE-4DD4-8523-D6F77D852E85}.Debug|x64.ActiveCfg = Debug|Any CPU
		{5DF78390-54CE-4DD4-8523-D6F77D852E85}.Debug|x64.Build.0 = Debug|Any CPU
		{5DF78390-54CE-4DD4-8523-D6F77D852E85}.Debug|x86.ActiveCfg = Debug|Any CPU
		{5DF78390-54CE-4DD4-8523-D6F77D852E85}.Debug|x86.Build.0 = Debug|Any CPU
		{5DF78390-54CE-4DD4-8523-D6F77D852E85}.Release|Any CPU.ActiveCfg = Release|Any CPU
		{5DF78390-54CE-4DD4-8523-D6F77D852E85}.Release|Any CPU.Build.0 = Release|Any CPU
		{5DF78390-54CE-4DD4-8523-D6F77D852E85}.Release|x64.ActiveCfg = Release|Any CPU
		{5DF78390-54CE-4DD4-8523-D6F77D852E85}.Release|x64.Build.0 = Release|Any CPU
		{5DF78390-54CE-4DD4-8523-D6F77D852E85}.Release|x86.ActiveCfg = Release|Any CPU
		{5DF78390-54CE-4DD4-8523-D6F77D852E85}.Release|x86.Build.0 = Release|Any CPU
		{82914EA4-A481-484F-A850-1BEFC83A64D9}.Debug|Any CPU.ActiveCfg = Debug|Any CPU
		{82914EA4-A481-484F-A850-1BEFC83A64D9}.Debug|Any CPU.Build.0 = Debug|Any CPU
		{82914EA4-A481-484F-A850-1BEFC83A64D9}.Debug|x64.ActiveCfg = Debug|Any CPU
		{82914EA4-A481-484F-A850-1BEFC83A64D9}.Debug|x64.Build.0 = Debug|Any CPU
		{82914EA4-A481-484F-A850-1BEFC83A64D9}.Debug|x86.ActiveCfg = Debug|Any CPU
		{82914EA4-A481-484F-A850-1BEFC83A64D9}.Debug|x86.Build.0 = Debug|Any CPU
		{82914EA4-A481-484F-A850-1BEFC83A64D9}.Release|Any CPU.ActiveCfg = Release|Any CPU
		{82914EA4-A481-484F-A850-1BEFC83A64D9}.Release|Any CPU.Build.0 = Release|Any CPU
		{82914EA4-A481-484F-A850-1BEFC83A64D9}.Release|x64.ActiveCfg = Release|Any CPU
		{82914EA4-A481-484F-A850-1BEFC83A64D9}.Release|x64.Build.0 = Release|Any CPU
		{82914EA4-A481-484F-A850-1BEFC83A64D9}.Release|x86.ActiveCfg = Release|Any CPU
		{82914EA4-A481-484F-A850-1BEFC83A64D9}.Release|x86.Build.0 = Release|Any CPU
	EndGlobalSection
	GlobalSection(SolutionProperties) = preSolution
		HideSolutionNode = FALSE
	EndGlobalSection
	GlobalSection(ExtensibilityGlobals) = postSolution
		SolutionGuid = {5A1A6FF5-F8F6-4C7A-B9F9-FF9051A6E168}
	EndGlobalSection
EndGlobal
