
Microsoft Visual Studio Solution File, Format Version 12.00
# Visual Studio 15
VisualStudioVersion = 15.0.28307.136
MinimumVisualStudioVersion = 10.0.40219.1
Project("{FAE04EC0-301F-11D3-BF4B-00C04F79EFBC}") = "DesignPatterns", "DesignPatterns\DesignPatterns.csproj", "{E4D99C25-9137-4817-A7F6-20D1347FCDE3}"
EndProject
Project("{FAE04EC0-301F-11D3-BF4B-00C04F79EFBC}") = "CommandPatternExample", "CommandPatternExample\CommandPatternExample.csproj", "{1E907C61-728F-4978-8F32-C897FCF7BA41}"
EndProject
Project("{FAE04EC0-301F-11D3-BF4B-00C04F79EFBC}") = "CommandPattern", "CommandPattern\CommandPattern.csproj", "{8B7C2B2F-E841-4D22-8491-0C24A4FD9FB4}"
EndProject
Global
	GlobalSection(SolutionConfigurationPlatforms) = preSolution
		Debug|Any CPU = Debug|Any CPU
		Release|Any CPU = Release|Any CPU
	EndGlobalSection
	GlobalSection(ProjectConfigurationPlatforms) = postSolution
		{E4D99C25-9137-4817-A7F6-20D1347FCDE3}.Debug|Any CPU.ActiveCfg = Debug|Any CPU
		{E4D99C25-9137-4817-A7F6-20D1347FCDE3}.Debug|Any CPU.Build.0 = Debug|Any CPU
		{E4D99C25-9137-4817-A7F6-20D1347FCDE3}.Release|Any CPU.ActiveCfg = Release|Any CPU
		{E4D99C25-9137-4817-A7F6-20D1347FCDE3}.Release|Any CPU.Build.0 = Release|Any CPU
		{1E907C61-728F-4978-8F32-C897FCF7BA41}.Debug|Any CPU.ActiveCfg = Debug|Any CPU
		{1E907C61-728F-4978-8F32-C897FCF7BA41}.Debug|Any CPU.Build.0 = Debug|Any CPU
		{1E907C61-728F-4978-8F32-C897FCF7BA41}.Release|Any CPU.ActiveCfg = Release|Any CPU
		{1E907C61-728F-4978-8F32-C897FCF7BA41}.Release|Any CPU.Build.0 = Release|Any CPU
		{8B7C2B2F-E841-4D22-8491-0C24A4FD9FB4}.Debug|Any CPU.ActiveCfg = Debug|Any CPU
		{8B7C2B2F-E841-4D22-8491-0C24A4FD9FB4}.Debug|Any CPU.Build.0 = Debug|Any CPU
		{8B7C2B2F-E841-4D22-8491-0C24A4FD9FB4}.Release|Any CPU.ActiveCfg = Release|Any CPU
		{8B7C2B2F-E841-4D22-8491-0C24A4FD9FB4}.Release|Any CPU.Build.0 = Release|Any CPU
	EndGlobalSection
	GlobalSection(SolutionProperties) = preSolution
		HideSolutionNode = FALSE
	EndGlobalSection
	GlobalSection(ExtensibilityGlobals) = postSolution
		SolutionGuid = {5A1A6FF5-F8F6-4C7A-B9F9-FF9051A6E168}
	EndGlobalSection
EndGlobal
